
Microsoft Visual Studio Solution File, Format Version 12.00
# Visual Studio Version 16
VisualStudioVersion = 16.0.29709.97
MinimumVisualStudioVersion = 10.0.40219.1
Project("{9A19103F-16F7-4668-BE54-9A1E7A4F7556}") = "BlazorIntegration", "BlazorIntegration\BlazorIntegration.csproj", "{326070E0-506F-4AC6-9EDE-6DA812FDE438}"
EndProject
Project("{FAE04EC0-301F-11D3-BF4B-00C04F79EFBC}") = "BlazorIntegration.Domain", "BlazorIntegration.Domain\BlazorIntegration.Domain.csproj", "{AA961AFF-42BC-4A4F-9541-C5EFEA7CC11D}"
EndProject
Project("{FAE04EC0-301F-11D3-BF4B-00C04F79EFBC}") = "BlazorIntegration.Data", "BlazorIntegration.Data\BlazorIntegration.Data.csproj", "{87597283-BB2E-4DAF-8EA5-B48480AFEB19}"
EndProject
Project("{FAE04EC0-301F-11D3-BF4B-00C04F79EFBC}") = "Tests", "Tests\Tests.csproj", "{41A481AA-5D42-4FC2-8142-528550939C36}"
EndProject
Global
	GlobalSection(SolutionConfigurationPlatforms) = preSolution
		Debug|Any CPU = Debug|Any CPU
		Release|Any CPU = Release|Any CPU
	EndGlobalSection
	GlobalSection(ProjectConfigurationPlatforms) = postSolution
		{326070E0-506F-4AC6-9EDE-6DA812FDE438}.Debug|Any CPU.ActiveCfg = Debug|Any CPU
		{326070E0-506F-4AC6-9EDE-6DA812FDE438}.Debug|Any CPU.Build.0 = Debug|Any CPU
		{326070E0-506F-4AC6-9EDE-6DA812FDE438}.Release|Any CPU.ActiveCfg = Release|Any CPU
		{326070E0-506F-4AC6-9EDE-6DA812FDE438}.Release|Any CPU.Build.0 = Release|Any CPU
		{AA961AFF-42BC-4A4F-9541-C5EFEA7CC11D}.Debug|Any CPU.ActiveCfg = Debug|Any CPU
		{AA961AFF-42BC-4A4F-9541-C5EFEA7CC11D}.Debug|Any CPU.Build.0 = Debug|Any CPU
		{AA961AFF-42BC-4A4F-9541-C5EFEA7CC11D}.Release|Any CPU.ActiveCfg = Release|Any CPU
		{AA961AFF-42BC-4A4F-9541-C5EFEA7CC11D}.Release|Any CPU.Build.0 = Release|Any CPU
		{87597283-BB2E-4DAF-8EA5-B48480AFEB19}.Debug|Any CPU.ActiveCfg = Debug|Any CPU
		{87597283-BB2E-4DAF-8EA5-B48480AFEB19}.Debug|Any CPU.Build.0 = Debug|Any CPU
		{87597283-BB2E-4DAF-8EA5-B48480AFEB19}.Release|Any CPU.ActiveCfg = Release|Any CPU
		{87597283-BB2E-4DAF-8EA5-B48480AFEB19}.Release|Any CPU.Build.0 = Release|Any CPU
		{41A481AA-5D42-4FC2-8142-528550939C36}.Debug|Any CPU.ActiveCfg = Debug|Any CPU
		{41A481AA-5D42-4FC2-8142-528550939C36}.Debug|Any CPU.Build.0 = Debug|Any CPU
		{41A481AA-5D42-4FC2-8142-528550939C36}.Release|Any CPU.ActiveCfg = Release|Any CPU
		{41A481AA-5D42-4FC2-8142-528550939C36}.Release|Any CPU.Build.0 = Release|Any CPU
	EndGlobalSection
	GlobalSection(SolutionProperties) = preSolution
		HideSolutionNode = FALSE
	EndGlobalSection
	GlobalSection(ExtensibilityGlobals) = postSolution
		SolutionGuid = {C7A9D097-C2B4-45B4-ACF0-3859488BF03D}
	EndGlobalSection
EndGlobal
